
Microsoft Visual Studio Solution File, Format Version 12.00
# Visual Studio Version 17
VisualStudioVersion = 17.3.32519.111
MinimumVisualStudioVersion = 10.0.40219.1
Project("{9A19103F-16F7-4668-BE54-9A1E7A4F7556}") = "WPF-Learn", "WPF-Learn\WPF-Learn.csproj", "{6D375B46-3BF7-4283-B345-0446C856DBD4}"
EndProject
Project("{FAE04EC0-301F-11D3-BF4B-00C04F79EFBC}") = "AzureTest", "AzureTest\AzureTest.csproj", "{C3C7F613-47AB-45AE-A926-AF51CFDC9C3C}"
EndProject
Project("{9A19103F-16F7-4668-BE54-9A1E7A4F7556}") = "AzureVision", "AzureVision\AzureVision.csproj", "{1E9A4676-842B-4999-9DC9-7DC8799CEB51}"
EndProject
Global
	GlobalSection(SolutionConfigurationPlatforms) = preSolution
		Debug|Any CPU = Debug|Any CPU
		Release|Any CPU = Release|Any CPU
	EndGlobalSection
	GlobalSection(ProjectConfigurationPlatforms) = postSolution
		{6D375B46-3BF7-4283-B345-0446C856DBD4}.Debug|Any CPU.ActiveCfg = Debug|Any CPU
		{6D375B46-3BF7-4283-B345-0446C856DBD4}.Debug|Any CPU.Build.0 = Debug|Any CPU
		{6D375B46-3BF7-4283-B345-0446C856DBD4}.Release|Any CPU.ActiveCfg = Release|Any CPU
		{6D375B46-3BF7-4283-B345-0446C856DBD4}.Release|Any CPU.Build.0 = Release|Any CPU
		{C3C7F613-47AB-45AE-A926-AF51CFDC9C3C}.Debug|Any CPU.ActiveCfg = Debug|Any CPU
		{C3C7F613-47AB-45AE-A926-AF51CFDC9C3C}.Debug|Any CPU.Build.0 = Debug|Any CPU
		{C3C7F613-47AB-45AE-A926-AF51CFDC9C3C}.Release|Any CPU.ActiveCfg = Release|Any CPU
		{C3C7F613-47AB-45AE-A926-AF51CFDC9C3C}.Release|Any CPU.Build.0 = Release|Any CPU
		{1E9A4676-842B-4999-9DC9-7DC8799CEB51}.Debug|Any CPU.ActiveCfg = Debug|Any CPU
		{1E9A4676-842B-4999-9DC9-7DC8799CEB51}.Debug|Any CPU.Build.0 = Debug|Any CPU
		{1E9A4676-842B-4999-9DC9-7DC8799CEB51}.Release|Any CPU.ActiveCfg = Release|Any CPU
		{1E9A4676-842B-4999-9DC9-7DC8799CEB51}.Release|Any CPU.Build.0 = Release|Any CPU
	EndGlobalSection
	GlobalSection(SolutionProperties) = preSolution
		HideSolutionNode = FALSE
	EndGlobalSection
	GlobalSection(ExtensibilityGlobals) = postSolution
		SolutionGuid = {BF734A53-F0FE-4715-8FDE-6D07B0266DC9}
	EndGlobalSection
EndGlobal
