Microsoft Visual Studio Solution File, Format Version 12.00
# Visual Studio Version 17
VisualStudioVersion = 17.0.31611.283
MinimumVisualStudioVersion = 10.0.40219.1
Project("{9A19103F-16F7-4668-BE54-9A1E7A4F7556}") = "LorawanDebugTool", "LorawanDebugTool\LorawanDebugTool.csproj", "{BF83FA87-FFE1-4E87-AAEA-ACA26CDAE18F}"
EndProject
Project("{9A19103F-16F7-4668-BE54-9A1E7A4F7556}") = "LorawanDebugBlazor", "LorawanDebugBlazor\LorawanDebugBlazor.csproj", "{985AD2E4-0222-40FB-9A23-093C699272C2}"
EndProject
Project("{9A19103F-16F7-4668-BE54-9A1E7A4F7556}") = "WebSocketDemo", "WebSocketDemo\WebSocketDemo.csproj", "{EE2EC658-055E-453C-B4DA-328E658A2CF7}"
EndProject
Project("{9A19103F-16F7-4668-BE54-9A1E7A4F7556}") = "TlsDemo", "TlsDemo\TlsDemo.csproj", "{B05698D7-CDFC-4EA8-9437-20C97144D2C9}"
EndProject
Project("{9A19103F-16F7-4668-BE54-9A1E7A4F7556}") = "VirtualSerialTransporter", "VirtualSerialTransporter\VirtualSerialTransporter.csproj", "{43C2A717-CDC1-4133-8668-9C1A365345D3}"
EndProject
Project("{9A19103F-16F7-4668-BE54-9A1E7A4F7556}") = "SCHC_Fragment", "SCHC_Fragment\SCHC_Fragment.csproj", "{7EF59FC6-376E-42BB-AF73-07479033363B}"
EndProject
Global
	GlobalSection(SolutionConfigurationPlatforms) = preSolution
		Debug|Any CPU = Debug|Any CPU
		Debug|x64 = Debug|x64
		Debug|x86 = Debug|x86
		Release|Any CPU = Release|Any CPU
		Release|x64 = Release|x64
		Release|x86 = Release|x86
	EndGlobalSection
	GlobalSection(ProjectConfigurationPlatforms) = postSolution
		{BF83FA87-FFE1-4E87-AAEA-ACA26CDAE18F}.Debug|Any CPU.ActiveCfg = Debug|Any CPU
		{BF83FA87-FFE1-4E87-AAEA-ACA26CDAE18F}.Debug|Any CPU.Build.0 = Debug|Any CPU
		{BF83FA87-FFE1-4E87-AAEA-ACA26CDAE18F}.Debug|Any CPU.Deploy.0 = Debug|Any CPU
		{BF83FA87-FFE1-4E87-AAEA-ACA26CDAE18F}.Debug|x64.ActiveCfg = Debug|Any CPU
		{BF83FA87-FFE1-4E87-AAEA-ACA26CDAE18F}.Debug|x64.Build.0 = Debug|Any CPU
		{BF83FA87-FFE1-4E87-AAEA-ACA26CDAE18F}.Debug|x86.ActiveCfg = Debug|Any CPU
		{BF83FA87-FFE1-4E87-AAEA-ACA26CDAE18F}.Debug|x86.Build.0 = Debug|Any CPU
		{BF83FA87-FFE1-4E87-AAEA-ACA26CDAE18F}.Release|Any CPU.ActiveCfg = Release|Any CPU
		{BF83FA87-FFE1-4E87-AAEA-ACA26CDAE18F}.Release|Any CPU.Build.0 = Release|Any CPU
		{BF83FA87-FFE1-4E87-AAEA-ACA26CDAE18F}.Release|Any CPU.Deploy.0 = Release|Any CPU
		{BF83FA87-FFE1-4E87-AAEA-ACA26CDAE18F}.Release|x64.ActiveCfg = Release|Any CPU
		{BF83FA87-FFE1-4E87-AAEA-ACA26CDAE18F}.Release|x64.Build.0 = Release|Any CPU
		{BF83FA87-FFE1-4E87-AAEA-ACA26CDAE18F}.Release|x86.ActiveCfg = Release|Any CPU
		{BF83FA87-FFE1-4E87-AAEA-ACA26CDAE18F}.Release|x86.Build.0 = Release|Any CPU
		{985AD2E4-0222-40FB-9A23-093C699272C2}.Debug|Any CPU.ActiveCfg = Debug|Any CPU
		{985AD2E4-0222-40FB-9A23-093C699272C2}.Debug|Any CPU.Build.0 = Debug|Any CPU
		{985AD2E4-0222-40FB-9A23-093C699272C2}.Debug|x64.ActiveCfg = Debug|x64
		{985AD2E4-0222-40FB-9A23-093C699272C2}.Debug|x64.Build.0 = Debug|x64
		{985AD2E4-0222-40FB-9A23-093C699272C2}.Debug|x86.ActiveCfg = Debug|x86
		{985AD2E4-0222-40FB-9A23-093C699272C2}.Debug|x86.Build.0 = Debug|x86
		{985AD2E4-0222-40FB-9A23-093C699272C2}.Release|Any CPU.ActiveCfg = Release|Any CPU
		{985AD2E4-0222-40FB-9A23-093C699272C2}.Release|Any CPU.Build.0 = Release|Any CPU
		{985AD2E4-0222-40FB-9A23-093C699272C2}.Release|x64.ActiveCfg = Release|x64
		{985AD2E4-0222-40FB-9A23-093C699272C2}.Release|x64.Build.0 = Release|x64
		{985AD2E4-0222-40FB-9A23-093C699272C2}.Release|x86.ActiveCfg = Release|x86
		{985AD2E4-0222-40FB-9A23-093C699272C2}.Release|x86.Build.0 = Release|x86
		{EE2EC658-055E-453C-B4DA-328E658A2CF7}.Debug|Any CPU.ActiveCfg = Debug|Any CPU
		{EE2EC658-055E-453C-B4DA-328E658A2CF7}.Debug|Any CPU.Build.0 = Debug|Any CPU
		{EE2EC658-055E-453C-B4DA-328E658A2CF7}.Debug|x64.ActiveCfg = Debug|Any CPU
		{EE2EC658-055E-453C-B4DA-328E658A2CF7}.Debug|x64.Build.0 = Debug|Any CPU
		{EE2EC658-055E-453C-B4DA-328E658A2CF7}.Debug|x86.ActiveCfg = Debug|Any CPU
		{EE2EC658-055E-453C-B4DA-328E658A2CF7}.Debug|x86.Build.0 = Debug|Any CPU
		{EE2EC658-055E-453C-B4DA-328E658A2CF7}.Release|Any CPU.ActiveCfg = Release|Any CPU
		{EE2EC658-055E-453C-B4DA-328E658A2CF7}.Release|Any CPU.Build.0 = Release|Any CPU
		{EE2EC658-055E-453C-B4DA-328E658A2CF7}.Release|x64.ActiveCfg = Release|Any CPU
		{EE2EC658-055E-453C-B4DA-328E658A2CF7}.Release|x64.Build.0 = Release|Any CPU
		{EE2EC658-055E-453C-B4DA-328E658A2CF7}.Release|x86.ActiveCfg = Release|Any CPU
		{EE2EC658-055E-453C-B4DA-328E658A2CF7}.Release|x86.Build.0 = Release|Any CPU
		{B05698D7-CDFC-4EA8-9437-20C97144D2C9}.Debug|Any CPU.ActiveCfg = Debug|Any CPU
		{B05698D7-CDFC-4EA8-9437-20C97144D2C9}.Debug|Any CPU.Build.0 = Debug|Any CPU
		{B05698D7-CDFC-4EA8-9437-20C97144D2C9}.Debug|x64.ActiveCfg = Debug|Any CPU
		{B05698D7-CDFC-4EA8-9437-20C97144D2C9}.Debug|x64.Build.0 = Debug|Any CPU
		{B05698D7-CDFC-4EA8-9437-20C97144D2C9}.Debug|x86.ActiveCfg = Debug|Any CPU
		{B05698D7-CDFC-4EA8-9437-20C97144D2C9}.Debug|x86.Build.0 = Debug|Any CPU
		{B05698D7-CDFC-4EA8-9437-20C97144D2C9}.Release|Any CPU.ActiveCfg = Release|Any CPU
		{B05698D7-CDFC-4EA8-9437-20C97144D2C9}.Release|Any CPU.Build.0 = Release|Any CPU
		{B05698D7-CDFC-4EA8-9437-20C97144D2C9}.Release|x64.ActiveCfg = Release|Any CPU
		{B05698D7-CDFC-4EA8-9437-20C97144D2C9}.Release|x64.Build.0 = Release|Any CPU
		{B05698D7-CDFC-4EA8-9437-20C97144D2C9}.Release|x86.ActiveCfg = Release|Any CPU
		{B05698D7-CDFC-4EA8-9437-20C97144D2C9}.Release|x86.Build.0 = Release|Any CPU
		{43C2A717-CDC1-4133-8668-9C1A365345D3}.Debug|Any CPU.ActiveCfg = Debug|Any CPU
		{43C2A717-CDC1-4133-8668-9C1A365345D3}.Debug|Any CPU.Build.0 = Debug|Any CPU
		{43C2A717-CDC1-4133-8668-9C1A365345D3}.Debug|x64.ActiveCfg = Debug|Any CPU
		{43C2A717-CDC1-4133-8668-9C1A365345D3}.Debug|x64.Build.0 = Debug|Any CPU
		{43C2A717-CDC1-4133-8668-9C1A365345D3}.Debug|x86.ActiveCfg = Debug|Any CPU
		{43C2A717-CDC1-4133-8668-9C1A365345D3}.Debug|x86.Build.0 = Debug|Any CPU
		{43C2A717-CDC1-4133-8668-9C1A365345D3}.Release|Any CPU.ActiveCfg = Release|Any CPU
		{43C2A717-CDC1-4133-8668-9C1A365345D3}.Release|Any CPU.Build.0 = Release|Any CPU
		{43C2A717-CDC1-4133-8668-9C1A365345D3}.Release|x64.ActiveCfg = Release|Any CPU
		{43C2A717-CDC1-4133-8668-9C1A365345D3}.Release|x64.Build.0 = Release|Any CPU
		{43C2A717-CDC1-4133-8668-9C1A365345D3}.Release|x86.ActiveCfg = Release|Any CPU
		{43C2A717-CDC1-4133-8668-9C1A365345D3}.Release|x86.Build.0 = Release|Any CPU
		{7EF59FC6-376E-42BB-AF73-07479033363B}.Debug|Any CPU.ActiveCfg = Debug|Any CPU
		{7EF59FC6-376E-42BB-AF73-07479033363B}.Debug|Any CPU.Build.0 = Debug|Any CPU
		{7EF59FC6-376E-42BB-AF73-07479033363B}.Debug|x64.ActiveCfg = Debug|Any CPU
		{7EF59FC6-376E-42BB-AF73-07479033363B}.Debug|x64.Build.0 = Debug|Any CPU
		{7EF59FC6-376E-42BB-AF73-07479033363B}.Debug|x86.ActiveCfg = Debug|Any CPU
		{7EF59FC6-376E-42BB-AF73-07479033363B}.Debug|x86.Build.0 = Debug|Any CPU
		{7EF59FC6-376E-42BB-AF73-07479033363B}.Release|Any CPU.ActiveCfg = Release|Any CPU
		{7EF59FC6-376E-42BB-AF73-07479033363B}.Release|Any CPU.Build.0 = Release|Any CPU
		{7EF59FC6-376E-42BB-AF73-07479033363B}.Release|x64.ActiveCfg = Release|Any CPU
		{7EF59FC6-376E-42BB-AF73-07479033363B}.Release|x64.Build.0 = Release|Any CPU
		{7EF59FC6-376E-42BB-AF73-07479033363B}.Release|x86.ActiveCfg = Release|Any CPU
		{7EF59FC6-376E-42BB-AF73-07479033363B}.Release|x86.Build.0 = Release|Any CPU
	EndGlobalSection
	GlobalSection(SolutionProperties) = preSolution
		HideSolutionNode = FALSE
	EndGlobalSection
	GlobalSection(ExtensibilityGlobals) = postSolution
		SolutionGuid = {61F7FB11-1E47-470C-91E2-47F8143E1572}
	EndGlobalSection
EndGlobal
